{
  "nodes": {
    "abstract-set-theory": {
      "flake": false,
      "locked": {
        "lastModified": 1771423838,
        "narHash": "sha256-IFTHS6C44PHdwYQVWNW/0WZf+3fWtzSfR21c3UmihLU=",
        "owner": "input-output-hk",
        "repo": "agda-sets",
        "rev": "2253231ad856b9b95f32d6b06709748e59bdbb3e",
        "type": "github"
      },
      "original": {
        "owner": "input-output-hk",
        "repo": "agda-sets",
        "type": "github"
      }
    },
    "agda-nix": {
      "inputs": {
        "abstract-set-theory": "abstract-set-theory",
        "categorical-crypto": "categorical-crypto",
        "flake-utils": "flake-utils",
        "iog-prelude": "iog-prelude",
        "nixpkgs": [
          "nixpkgs"
        ],
        "standard-library-classes": "standard-library-classes",
        "standard-library-meta": "standard-library-meta"
      },
      "locked": {
        "lastModified": 1774867665,
        "narHash": "sha256-gyw9Eu1alpRcG6cMnsZBVKVRjYWQWeILH9S7Qgx5akM=",
        "owner": "input-output-hk",
        "repo": "agda.nix",
        "rev": "2fc7a81e385d01b30a5df57902f93c46d7d21bff",
        "type": "github"
      },
      "original": {
        "owner": "input-output-hk",
        "repo": "agda.nix",
        "type": "github"
      }
    },
    "categorical-crypto": {
      "flake": false,
      "locked": {
        "lastModified": 1774441400,
        "narHash": "sha256-t0HXmhW3C4VPkl1IMiwa16lgZVomxuu74O30qwoEeNU=",
        "owner": "input-output-hk",
        "repo": "categorical-crypto",
        "rev": "6cdf63785fb39f5e340240667e7a0c5aed473d90",
        "type": "github"
      },
      "original": {
        "owner": "input-output-hk",
        "repo": "categorical-crypto",
        "type": "github"
      }
    },
    "flake-utils": {
      "inputs": {
        "systems": "systems"
      },
      "locked": {
        "lastModified": 1731533236,
        "narHash": "sha256-l0KFg5HjrsfsO/JpG+r7fRrqm12kzFHyUHqHCVpMMbI=",
        "owner": "numtide",
        "repo": "flake-utils",
        "rev": "11707dc2f618dd54ca8739b309ec4fc024de578b",
        "type": "github"
      },
      "original": {
        "owner": "numtide",
        "repo": "flake-utils",
        "type": "github"
      }
    },
    "iog-prelude": {
      "flake": false,
      "locked": {
        "lastModified": 1765201741,
        "narHash": "sha256-xTivBEzcpJBqzdjj+gJqJ7wrEMmh/ZwXRi8h575XPFs=",
        "owner": "input-output-hk",
        "repo": "iog-agda-prelude",
        "rev": "e12e69e8cc76cd41d19d0e38a44afa4358969a47",
        "type": "github"
      },
      "original": {
        "owner": "input-output-hk",
        "repo": "iog-agda-prelude",
        "type": "github"
      }
    },
    "nixpkgs": {
      "locked": {
        "lastModified": 1782130958,
        "narHash": "sha256-kWkxDigmMCROoBZmFX8/ZSacT5FTsTmJNnkb1ObN1L4=",
        "owner": "NixOS",
        "repo": "nixpkgs",
        "rev": "a6abba09e2e173a7356364b103e218d7af648791",
        "type": "github"
      },
      "original": {
        "owner": "NixOS",
        "repo": "nixpkgs",
        "type": "github"
      }
    },
    "nixpkgs_2": {
      "locked": {
        "lastModified": 1767313136,
        "narHash": "sha256-16KkgfdYqjaeRGBaYsNrhPRRENs0qzkQVUooNHtoy2w=",
        "owner": "NixOS",
        "repo": "nixpkgs",
        "rev": "ac62194c3917d5f474c1a844b6fd6da2db95077d",
        "type": "github"
      },
      "original": {
        "owner": "NixOS",
        "ref": "nixos-25.05",
        "repo": "nixpkgs",
        "type": "github"
      }
    },
    "pagda": {
      "inputs": {
        "nixpkgs": "nixpkgs_2"
      },
      "locked": {
        "lastModified": 1781798244,
        "narHash": "sha256-cHsU+LaP3ZqJQPkiPR5Y4qqgRBGjM11rcjjIksJtRtA=",
        "owner": "WhatisRT",
        "repo": "pagda",
        "rev": "4e2418fd4c44ca7762bfff8360299f8ba7fad557",
        "type": "github"
      },
      "original": {
        "owner": "WhatisRT",
        "repo": "pagda",
        "type": "github"
      }
    },
    "root": {
      "inputs": {
        "agda-nix": "agda-nix",
        "nixpkgs": "nixpkgs",
        "pagda": "pagda"
      }
    },
    "standard-library-classes": {
      "flake": false,
      "locked": {
        "lastModified": 1754406591,
        "narHash": "sha256-tuXuZcwu6XNFP979oSZg0yfFY9eMyqpkUNddk+QchVc=",
        "owner": "agda",
        "repo": "agda-stdlib-classes",
        "rev": "e732956fb01eb616bb3429f290d9434f4ab59b6a",
        "type": "github"
      },
      "original": {
        "owner": "agda",
        "repo": "agda-stdlib-classes",
        "type": "github"
      }
    },
    "standard-library-meta": {
      "flake": false,
      "locked": {
        "lastModified": 1754406588,
        "narHash": "sha256-YH8OqGsQ2DKhKqhSUWBDTimQSZsNCnqwZqNqQwnnVS0=",
        "owner": "agda",
        "repo": "agda-stdlib-meta",
        "rev": "ba0159a198c99185bda86541362f8e0a4a82538a",
        "type": "github"
      },
      "original": {
        "owner": "agda",
        "repo": "agda-stdlib-meta",
        "type": "github"
      }
    },
    "systems": {
      "locked": {
        "lastModified": 1681028828,
        "narHash": "sha256-Vy1rq5AaRuLzOxct8nz4T6wlgyUR7zLU309k9mBC768=",
        "owner": "nix-systems",
        "repo": "default",
        "rev": "da67096a3b9bf56a91d16901293e51ba5b49a27e",
        "type": "github"
      },
      "original": {
        "owner": "nix-systems",
        "repo": "default",
        "type": "github"
      }
    }
  },
  "root": "root",
  "version": 7
}
